
Microsoft Visual Studio Solution File, Format Version 12.00
Project("{FAE04EC0-301F-11D3-BF4B-00C04F79EFBC}") = "WorkerService1", "WorkerService1\WorkerService1.csproj", "{DAD0FC34-BB68-437A-9D38-A5D3637B8676}"
EndProject
Project("{FAE04EC0-301F-11D3-BF4B-00C04F79EFBC}") = "WorkerService2", "WorkerService2\WorkerService2.csproj", "{58B19520-EA4E-4530-99D1-48377C0E6C46}"
EndProject
Project("{FAE04EC0-301F-11D3-BF4B-00C04F79EFBC}") = "WorkerService3", "WorkerService3\WorkerService3.csproj", "{2FE50229-7051-4AA5-9B5A-ACEE30FEBCF1}"
EndProject
Project("{FAE04EC0-301F-11D3-BF4B-00C04F79EFBC}") = "ConsoleApp1", "ConsoleApp1\ConsoleApp1.csproj", "{F9AA78C8-8BE4-48DB-A414-3C2E26B55F6E}"
EndProject
Global
	GlobalSection(SolutionConfigurationPlatforms) = preSolution
		Debug|Any CPU = Debug|Any CPU
		Release|Any CPU = Release|Any CPU
	EndGlobalSection
	GlobalSection(ProjectConfigurationPlatforms) = postSolution
		{DAD0FC34-BB68-437A-9D38-A5D3637B8676}.Debug|Any CPU.ActiveCfg = Debug|Any CPU
		{DAD0FC34-BB68-437A-9D38-A5D3637B8676}.Debug|Any CPU.Build.0 = Debug|Any CPU
		{DAD0FC34-BB68-437A-9D38-A5D3637B8676}.Release|Any CPU.ActiveCfg = Release|Any CPU
		{DAD0FC34-BB68-437A-9D38-A5D3637B8676}.Release|Any CPU.Build.0 = Release|Any CPU
		{58B19520-EA4E-4530-99D1-48377C0E6C46}.Debug|Any CPU.ActiveCfg = Debug|Any CPU
		{58B19520-EA4E-4530-99D1-48377C0E6C46}.Debug|Any CPU.Build.0 = Debug|Any CPU
		{58B19520-EA4E-4530-99D1-48377C0E6C46}.Release|Any CPU.ActiveCfg = Release|Any CPU
		{58B19520-EA4E-4530-99D1-48377C0E6C46}.Release|Any CPU.Build.0 = Release|Any CPU
		{2FE50229-7051-4AA5-9B5A-ACEE30FEBCF1}.Debug|Any CPU.ActiveCfg = Debug|Any CPU
		{2FE50229-7051-4AA5-9B5A-ACEE30FEBCF1}.Debug|Any CPU.Build.0 = Debug|Any CPU
		{2FE50229-7051-4AA5-9B5A-ACEE30FEBCF1}.Release|Any CPU.ActiveCfg = Release|Any CPU
		{2FE50229-7051-4AA5-9B5A-ACEE30FEBCF1}.Release|Any CPU.Build.0 = Release|Any CPU
		{F9AA78C8-8BE4-48DB-A414-3C2E26B55F6E}.Debug|Any CPU.ActiveCfg = Debug|Any CPU
		{F9AA78C8-8BE4-48DB-A414-3C2E26B55F6E}.Debug|Any CPU.Build.0 = Debug|Any CPU
		{F9AA78C8-8BE4-48DB-A414-3C2E26B55F6E}.Release|Any CPU.ActiveCfg = Release|Any CPU
		{F9AA78C8-8BE4-48DB-A414-3C2E26B55F6E}.Release|Any CPU.Build.0 = Release|Any CPU
	EndGlobalSection
EndGlobal
